
Microsoft Visual Studio Solution File, Format Version 12.00
# Visual Studio Version 17
VisualStudioVersion = 17.0.32126.317
MinimumVisualStudioVersion = 10.0.40219.1
Project("{9A19103F-16F7-4668-BE54-9A1E7A4F7556}") = "Test.Business", "..\Test.Business\Test.Business.csproj", "{9D3E9AE3-1E83-48A5-A22B-92C164C90AAA}"
EndProject
Project("{9A19103F-16F7-4668-BE54-9A1E7A4F7556}") = "Test.DataAccess", "..\Test.DataAccess\Test.DataAccess.csproj", "{895EFA7D-660E-4288-A9F2-DB53CC2828A9}"
EndProject
Project("{9A19103F-16F7-4668-BE54-9A1E7A4F7556}") = "Test.Models", "..\Test.Models\Test.Models.csproj", "{E5D4A9FA-F329-4F5E-9477-B60C605D0B13}"
EndProject
Project("{9A19103F-16F7-4668-BE54-9A1E7A4F7556}") = "Test.Api", "..\Test.Api\Test.Api.csproj", "{08763556-4CE0-4E76-9E5B-C11252EC901D}"
EndProject
Global
	GlobalSection(SolutionConfigurationPlatforms) = preSolution
		Debug|Any CPU = Debug|Any CPU
		Release|Any CPU = Release|Any CPU
	EndGlobalSection
	GlobalSection(ProjectConfigurationPlatforms) = postSolution
		{9D3E9AE3-1E83-48A5-A22B-92C164C90AAA}.Debug|Any CPU.ActiveCfg = Debug|Any CPU
		{9D3E9AE3-1E83-48A5-A22B-92C164C90AAA}.Debug|Any CPU.Build.0 = Debug|Any CPU
		{9D3E9AE3-1E83-48A5-A22B-92C164C90AAA}.Release|Any CPU.ActiveCfg = Release|Any CPU
		{9D3E9AE3-1E83-48A5-A22B-92C164C90AAA}.Release|Any CPU.Build.0 = Release|Any CPU
		{895EFA7D-660E-4288-A9F2-DB53CC2828A9}.Debug|Any CPU.ActiveCfg = Debug|Any CPU
		{895EFA7D-660E-4288-A9F2-DB53CC2828A9}.Debug|Any CPU.Build.0 = Debug|Any CPU
		{895EFA7D-660E-4288-A9F2-DB53CC2828A9}.Release|Any CPU.ActiveCfg = Release|Any CPU
		{895EFA7D-660E-4288-A9F2-DB53CC2828A9}.Release|Any CPU.Build.0 = Release|Any CPU
		{E5D4A9FA-F329-4F5E-9477-B60C605D0B13}.Debug|Any CPU.ActiveCfg = Debug|Any CPU
		{E5D4A9FA-F329-4F5E-9477-B60C605D0B13}.Debug|Any CPU.Build.0 = Debug|Any CPU
		{E5D4A9FA-F329-4F5E-9477-B60C605D0B13}.Release|Any CPU.ActiveCfg = Release|Any CPU
		{E5D4A9FA-F329-4F5E-9477-B60C605D0B13}.Release|Any CPU.Build.0 = Release|Any CPU
		{08763556-4CE0-4E76-9E5B-C11252EC901D}.Debug|Any CPU.ActiveCfg = Debug|Any CPU
		{08763556-4CE0-4E76-9E5B-C11252EC901D}.Debug|Any CPU.Build.0 = Debug|Any CPU
		{08763556-4CE0-4E76-9E5B-C11252EC901D}.Release|Any CPU.ActiveCfg = Release|Any CPU
		{08763556-4CE0-4E76-9E5B-C11252EC901D}.Release|Any CPU.Build.0 = Release|Any CPU
	EndGlobalSection
	GlobalSection(SolutionProperties) = preSolution
		HideSolutionNode = FALSE
	EndGlobalSection
	GlobalSection(ExtensibilityGlobals) = postSolution
		SolutionGuid = {FE60D42F-32D3-499D-A2B9-C55F6B862037}
	EndGlobalSection
EndGlobal
