
Microsoft Visual Studio Solution File, Format Version 12.00
# Visual Studio Version 17
VisualStudioVersion = 17.0.32126.317
MinimumVisualStudioVersion = 10.0.40219.1
Project("{9A19103F-16F7-4668-BE54-9A1E7A4F7556}") = "Test.Api", "Test.Api\Test.Api.csproj", "{F2707BA1-C64D-4C82-8CB6-8C5A9A5E7968}"
EndProject
Project("{9A19103F-16F7-4668-BE54-9A1E7A4F7556}") = "Test.Business", "Test.Business\Test.Business.csproj", "{14FB22A6-6445-42D6-B798-B500D30FCA39}"
EndProject
Project("{9A19103F-16F7-4668-BE54-9A1E7A4F7556}") = "Test.DataAccess", "Test.DataAccess\Test.DataAccess.csproj", "{1BFCC81D-5673-42F0-B88B-DF69346BEB86}"
EndProject
Project("{9A19103F-16F7-4668-BE54-9A1E7A4F7556}") = "Test.Models", "Test.Models\Test.Models.csproj", "{FC5E8295-53F7-47D9-8678-1D4AA7CB9875}"
EndProject
Global
	GlobalSection(SolutionConfigurationPlatforms) = preSolution
		Debug|Any CPU = Debug|Any CPU
		Release|Any CPU = Release|Any CPU
	EndGlobalSection
	GlobalSection(ProjectConfigurationPlatforms) = postSolution
		{F2707BA1-C64D-4C82-8CB6-8C5A9A5E7968}.Debug|Any CPU.ActiveCfg = Debug|Any CPU
		{F2707BA1-C64D-4C82-8CB6-8C5A9A5E7968}.Debug|Any CPU.Build.0 = Debug|Any CPU
		{F2707BA1-C64D-4C82-8CB6-8C5A9A5E7968}.Release|Any CPU.ActiveCfg = Release|Any CPU
		{F2707BA1-C64D-4C82-8CB6-8C5A9A5E7968}.Release|Any CPU.Build.0 = Release|Any CPU
		{14FB22A6-6445-42D6-B798-B500D30FCA39}.Debug|Any CPU.ActiveCfg = Debug|Any CPU
		{14FB22A6-6445-42D6-B798-B500D30FCA39}.Debug|Any CPU.Build.0 = Debug|Any CPU
		{14FB22A6-6445-42D6-B798-B500D30FCA39}.Release|Any CPU.ActiveCfg = Release|Any CPU
		{14FB22A6-6445-42D6-B798-B500D30FCA39}.Release|Any CPU.Build.0 = Release|Any CPU
		{1BFCC81D-5673-42F0-B88B-DF69346BEB86}.Debug|Any CPU.ActiveCfg = Debug|Any CPU
		{1BFCC81D-5673-42F0-B88B-DF69346BEB86}.Debug|Any CPU.Build.0 = Debug|Any CPU
		{1BFCC81D-5673-42F0-B88B-DF69346BEB86}.Release|Any CPU.ActiveCfg = Release|Any CPU
		{1BFCC81D-5673-42F0-B88B-DF69346BEB86}.Release|Any CPU.Build.0 = Release|Any CPU
		{FC5E8295-53F7-47D9-8678-1D4AA7CB9875}.Debug|Any CPU.ActiveCfg = Debug|Any CPU
		{FC5E8295-53F7-47D9-8678-1D4AA7CB9875}.Debug|Any CPU.Build.0 = Debug|Any CPU
		{FC5E8295-53F7-47D9-8678-1D4AA7CB9875}.Release|Any CPU.ActiveCfg = Release|Any CPU
		{FC5E8295-53F7-47D9-8678-1D4AA7CB9875}.Release|Any CPU.Build.0 = Release|Any CPU
	EndGlobalSection
	GlobalSection(SolutionProperties) = preSolution
		HideSolutionNode = FALSE
	EndGlobalSection
	GlobalSection(ExtensibilityGlobals) = postSolution
		SolutionGuid = {FE60D42F-32D3-499D-A2B9-C55F6B862037}
	EndGlobalSection
EndGlobal
